
Microsoft Visual Studio Solution File, Format Version 12.00
# Visual Studio Version 17
VisualStudioVersion = 17.11.35303.130
MinimumVisualStudioVersion = 10.0.40219.1
Project("{FAE04EC0-301F-11D3-BF4B-00C04F79EFBC}") = "DesafioConcilig1", "DesafioConcilig1\DesafioConcilig1.csproj", "{09E35DED-380C-43F4-8825-864B27447CC6}"
EndProject
Global
	GlobalSection(SolutionConfigurationPlatforms) = preSolution
		Debug|Any CPU = Debug|Any CPU
		Release|Any CPU = Release|Any CPU
	EndGlobalSection
	GlobalSection(ProjectConfigurationPlatforms) = postSolution
		{09E35DED-380C-43F4-8825-864B27447CC6}.Debug|Any CPU.ActiveCfg = Debug|Any CPU
		{09E35DED-380C-43F4-8825-864B27447CC6}.Debug|Any CPU.Build.0 = Debug|Any CPU
		{09E35DED-380C-43F4-8825-864B27447CC6}.Release|Any CPU.ActiveCfg = Release|Any CPU
		{09E35DED-380C-43F4-8825-864B27447CC6}.Release|Any CPU.Build.0 = Release|Any CPU
	EndGlobalSection
	GlobalSection(SolutionProperties) = preSolution
		HideSolutionNode = FALSE
	EndGlobalSection
	GlobalSection(ExtensibilityGlobals) = postSolution
		SolutionGuid = {CF72C526-0155-4018-AE32-647CD7546AE1}
	EndGlobalSection
EndGlobal
